<?xml version="1.0" encoding="utf-8"?>
<Project ToolsVersion="4.0" xmlns="http://schemas.microsoft.com/developer/msbuild/2003">
  <ItemGroup>
    <Filter Include="Source Files">
      <UniqueIdentifier>{4FC737F1-C7A5-4376-A066-2A32D752A2FF}</UniqueIdentifier>
      <Extensions>cpp;c;cc;cxx;c++;cppm;ixx;def;odl;idl;hpj;bat;asm;asmx</Extensions>
    </Filter>
    <Filter Include="Header Files">
      <UniqueIdentifier>{93995380-89BD-4b04-88EB-625FBE52EBFB}</UniqueIdentifier>
      <Extensions>h;hh;hpp;hxx;h++;hm;inl;inc;ipp;xsd</Extensions>
    </Filter>
    <Filter Include="Resource Files">
      <UniqueIdentifier>{67DA6AB6-F800-4c08-8B7A-83BB121AAD01}</UniqueIdentifier>
      <Extensions>rc;ico;cur;bmp;dlg;rc2;rct;bin;rgs;gif;jpg;jpeg;jpe;resx;tiff;tif;png;wav;mfcribbon-ms</Extensions>
    </Filter>
  </ItemGroup>
  <ItemGroup>
    <ClInclude Include="src\core\ArrayHelpers.h">
      <Filter>Header Files</Filter>
    </ClInclude>
    <ClInclude Include="src\core\ClassHelpers.h">
      <Filter>Header Files</Filter>
    </ClInclude>
    <ClInclude Include="src\core\FileHelpers.h">
      <Filter>Header Files</Filter>
    </ClInclude>
    <ClInclude Include="src\core\Helpers.h">
      <Filter>Header Files</Filter>
    </ClInclude>
    <ClInclude Include="src\core\hp_assert.h">
      <Filter>Header Files</Filter>
    </ClInclude>
    <ClInclude Include="src\core\Log.h">
      <Filter>Header Files</Filter>
    </ClInclude>
    <ClInclude Include="src\core\MathsHelpers.h">
      <Filter>Header Files</Filter>
    </ClInclude>
    <ClInclude Include="src\core\Parse.h">
      <Filter>Header Files</Filter>
    </ClInclude>
    <ClInclude Include="src\core\RingBuffer.h">
      <Filter>Header Files</Filter>
    </ClInclude>
    <ClInclude Include="src\core\StringHelpers.h">
      <Filter>Header Files</Filter>
    </ClInclude>
    <ClInclude Include="src\core\Types.h">
      <Filter>Header Files</Filter>
    </ClInclude>
    <ClInclude Include="src\psx\BIOS.h">
      <Filter>Header Files</Filter>
    </ClInclude>
    <ClInclude Include="src\psx\Bus.h">
      <Filter>Header Files</Filter>
    </ClInclude>
    <ClInclude Include="src\psx\CD.h">
      <Filter>Header Files</Filter>
    </ClInclude>
    <ClInclude Include="src\psx\CDROM.h">
      <Filter>Header Files</Filter>
    </ClInclude>
    <ClInclude Include="src\psx\Controller.h">
      <Filter>Header Files</Filter>
    </ClInclude>
    <ClInclude Include="src\psx\ControllerPort.h">
      <Filter>Header Files</Filter>
    </ClInclude>
    <ClInclude Include="src\psx\DMA.h">
      <Filter>Header Files</Filter>
    </ClInclude>
    <ClInclude Include="src\psx\GPU.h">
      <Filter>Header Files</Filter>
    </ClInclude>
    <ClInclude Include="src\psx\GTE.h">
      <Filter>Header Files</Filter>
    </ClInclude>
    <ClInclude Include="src\psx\INTC.h">
      <Filter>Header Files</Filter>
    </ClInclude>
    <ClInclude Include="src\psx\MDEC.h">
      <Filter>Header Files</Filter>
    </ClInclude>
    <ClInclude Include="src\psx\MemoryCard.h">
      <Filter>Header Files</Filter>
    </ClInclude>
    <ClInclude Include="src\psx\R3000.h">
      <Filter>Header Files</Filter>
    </ClInclude>
    <ClInclude Include="src\psx\R3000Dasm.h">
      <Filter>Header Files</Filter>
    </ClInclude>
    <ClInclude Include="src\psx\RAM.h">
      <Filter>Header Files</Filter>
    </ClInclude>
    <ClInclude Include="src\psx\Scheduler.h">
      <Filter>Header Files</Filter>
    </ClInclude>
    <ClInclude Include="src\psx\SIO.h">
      <Filter>Header Files</Filter>
    </ClInclude>
    <ClInclude Include="src\psx\SPU.h">
      <Filter>Header Files</Filter>
    </ClInclude>
    <ClInclude Include="src\psx\Timers.h">
      <Filter>Header Files</Filter>
    </ClInclude>
    <ClInclude Include="src\psx\Timing.h">
      <Filter>Header Files</Filter>
    </ClInclude>
    <ClInclude Include="src\psx-utils\R3000Utils.h">
      <Filter>Header Files</Filter>
    </ClInclude>
    <ClInclude Include="src\psx-utils\Sideload.h">
      <Filter>Header Files</Filter>
    </ClInclude>
    <ClInclude Include="src\psx-utils\Snapshot.h">
      <Filter>Header Files</Filter>
    </ClInclude>
    <ClInclude Include="src\psx-utils\TTYLogger.h">
      <Filter>Header Files</Filter>
    </ClInclude>
    <ClInclude Include="src\psx-utils\VRAMConvert.h">
      <Filter>Header Files</Filter>
    </ClInclude>
    <ClInclude Include="src\AudioDevice.h">
      <Filter>Header Files</Filter>
    </ClInclude>
    <ClInclude Include="src\Host.h">
      <Filter>Header Files</Filter>
    </ClInclude>
    <ClInclude Include="src\HostAudioBuffer.h">
      <Filter>Header Files</Filter>
    </ClInclude>
    <ClInclude Include="src\platform\ControllerInput.h">
      <Filter>Header Files</Filter>
    </ClInclude>
    <ClInclude Include="src\Texture.h">
      <Filter>Header Files</Filter>
    </ClInclude>
    <ClInclude Include="src\platform\gl_loader.h">
      <Filter>Header Files</Filter>
    </ClInclude>
    <ClInclude Include="src\xgui\Filesystem.h">
      <Filter>Header Files</Filter>
    </ClInclude>
    <ClInclude Include="src\xgui\GLMath.h">
      <Filter>Header Files</Filter>
    </ClInclude>
    <ClInclude Include="lib\include\XGUI\impl\xgui_impl_opengl.h">
      <Filter>Header Files</Filter>
    </ClInclude>
    <ClInclude Include="lib\include\XGUI\xgui.h">
      <Filter>Header Files</Filter>
    </ClInclude>
    <ClInclude Include="lib\include\XGUI\xgui_colors.h">
      <Filter>Header Files</Filter>
    </ClInclude>
    <ClInclude Include="lib\include\XGUI\xgui_common.h">
      <Filter>Header Files</Filter>
    </ClInclude>
    <ClInclude Include="lib\include\XGUI\xgui_core.h">
      <Filter>Header Files</Filter>
    </ClInclude>
    <ClInclude Include="lib\include\XGUI\xgui_font.h">
      <Filter>Header Files</Filter>
    </ClInclude>
    <ClInclude Include="lib\include\XGUI\xgui_image.h">
      <Filter>Header Files</Filter>
    </ClInclude>
    <ClInclude Include="lib\include\XGUI\xgui_rendering_engine.h">
      <Filter>Header Files</Filter>
    </ClInclude>
    <ClInclude Include="lib\include\XGUI\ximage.h">
      <Filter>Header Files</Filter>
    </ClInclude>
    <ClInclude Include="lib\include\XGUI\xtruetype.h">
      <Filter>Header Files</Filter>
    </ClInclude>
    <ClInclude Include="src\platform\Win32Window.h">
      <Filter>Header Files</Filter>
    </ClInclude>
    <ClInclude Include="src\platform\platform.h">
      <Filter>Header Files</Filter>
    </ClInclude>
    <ClInclude Include="src\platform\AudioResampler.h">
      <Filter>Header Files</Filter>
    </ClInclude>
    <ClInclude Include="src\GUI\MenuBar.h">
      <Filter>Header Files</Filter>
    </ClInclude>
    <ClInclude Include="src\GUI\GuiUtils.h">
      <Filter>Header Files</Filter>
    </ClInclude>
  </ItemGroup>
  <ItemGroup>
    <ClCompile Include="src\core\FileHelpers.cpp">
      <Filter>Source Files</Filter>
    </ClCompile>
    <ClCompile Include="src\core\Helpers.cpp">
      <Filter>Source Files</Filter>
    </ClCompile>
    <ClCompile Include="src\core\hp_assert.cpp">
      <Filter>Source Files</Filter>
    </ClCompile>
    <ClCompile Include="src\core\Log.cpp">
      <Filter>Source Files</Filter>
    </ClCompile>
    <ClCompile Include="src\core\Parse.cpp">
      <Filter>Source Files</Filter>
    </ClCompile>
    <ClCompile Include="src\core\RingBuffer.cpp">
      <Filter>Source Files</Filter>
    </ClCompile>
    <ClCompile Include="src\core\StringHelpers.cpp">
      <Filter>Source Files</Filter>
    </ClCompile>
    <ClCompile Include="src\psx\BIOS.cpp">
      <Filter>Source Files</Filter>
    </ClCompile>
    <ClCompile Include="src\psx\Bus.cpp">
      <Filter>Source Files</Filter>
    </ClCompile>
    <ClCompile Include="src\psx\CD.cpp">
      <Filter>Source Files</Filter>
    </ClCompile>
    <ClCompile Include="src\psx\CDROM.cpp">
      <Filter>Source Files</Filter>
    </ClCompile>
    <ClCompile Include="src\psx\Controller.cpp">
      <Filter>Source Files</Filter>
    </ClCompile>
    <ClCompile Include="src\psx\ControllerPort.cpp">
      <Filter>Source Files</Filter>
    </ClCompile>
    <ClCompile Include="src\psx\DMA.cpp">
      <Filter>Source Files</Filter>
    </ClCompile>
    <ClCompile Include="src\psx\GPU.cpp">
      <Filter>Source Files</Filter>
    </ClCompile>
    <ClCompile Include="src\psx\GTE.cpp">
      <Filter>Source Files</Filter>
    </ClCompile>
    <ClCompile Include="src\psx\INTC.cpp">
      <Filter>Source Files</Filter>
    </ClCompile>
    <ClCompile Include="src\psx\MDEC.cpp">
      <Filter>Source Files</Filter>
    </ClCompile>
    <ClCompile Include="src\psx\MemoryCard.cpp">
      <Filter>Source Files</Filter>
    </ClCompile>
    <ClCompile Include="src\psx\R3000.cpp">
      <Filter>Source Files</Filter>
    </ClCompile>
    <ClCompile Include="src\psx\R3000Dasm.cpp">
      <Filter>Source Files</Filter>
    </ClCompile>
    <ClCompile Include="src\psx\RAM.cpp">
      <Filter>Source Files</Filter>
    </ClCompile>
    <ClCompile Include="src\psx\Scheduler.cpp">
      <Filter>Source Files</Filter>
    </ClCompile>
    <ClCompile Include="src\psx\SIO.cpp">
      <Filter>Source Files</Filter>
    </ClCompile>
    <ClCompile Include="src\psx\SPU.cpp">
      <Filter>Source Files</Filter>
    </ClCompile>
    <ClCompile Include="src\psx\Timers.cpp">
      <Filter>Source Files</Filter>
    </ClCompile>
    <ClCompile Include="src\psx-utils\R3000Utils.cpp">
      <Filter>Source Files</Filter>
    </ClCompile>
    <ClCompile Include="src\psx-utils\Sideload.cpp">
      <Filter>Source Files</Filter>
    </ClCompile>
    <ClCompile Include="src\psx-utils\Snapshot.cpp">
      <Filter>Source Files</Filter>
    </ClCompile>
    <ClCompile Include="src\psx-utils\TTYLogger.cpp">
      <Filter>Source Files</Filter>
    </ClCompile>
    <ClCompile Include="src\psx-utils\VRAMConvert.cpp">
      <Filter>Source Files</Filter>
    </ClCompile>
    <ClCompile Include="src\AudioDevice.cpp">
      <Filter>Source Files</Filter>
    </ClCompile>
    <ClCompile Include="src\PSXReloaded.cpp">
      <Filter>Source Files</Filter>
    </ClCompile>
    <ClCompile Include="src\Host.cpp">
      <Filter>Source Files</Filter>
    </ClCompile>
    <ClCompile Include="src\HostAudioBuffer.cpp">
      <Filter>Source Files</Filter>
    </ClCompile>
    <ClCompile Include="src\platform\ControllerInput.c">
      <Filter>Source Files</Filter>
    </ClCompile>
    <ClCompile Include="src\Texture.cpp">
      <Filter>Source Files</Filter>
    </ClCompile>
    <ClCompile Include="src\platform\gl_loader.c">
      <Filter>Source Files</Filter>
    </ClCompile>
    <ClCompile Include="src\xgui\XGUI\impl\xgui_impl_opengl.cpp">
      <Filter>Source Files</Filter>
    </ClCompile>
    <ClCompile Include="src\xgui\XGUI\xgui_core.cpp">
      <Filter>Source Files</Filter>
    </ClCompile>
    <ClCompile Include="src\xgui\XGUI\xgui_font.cpp">
      <Filter>Source Files</Filter>
    </ClCompile>
    <ClCompile Include="src\xgui\XGUI\xgui_image.cpp">
      <Filter>Source Files</Filter>
    </ClCompile>
    <ClCompile Include="src\platform\Win32Window.cpp">
      <Filter>Source Files</Filter>
    </ClCompile>
    <ClCompile Include="src\xgui\XGUI\xgui_colors.cpp">
      <Filter>Source Files</Filter>
    </ClCompile>
    <ClCompile Include="src\platform\platform.c">
      <Filter>Source Files</Filter>
    </ClCompile>
    <ClCompile Include="src\platform\AudioResampler.cpp">
      <Filter>Source Files</Filter>
    </ClCompile>
    <ClCompile Include="src\GUI\MenuBar.cpp">
      <Filter>Source Files</Filter>
    </ClCompile>
  </ItemGroup>
</Project>